
Microsoft Visual Studio Solution File, Format Version 12.00
# Blend for Visual Studio Version 16
VisualStudioVersion = 16.0.31911.196
MinimumVisualStudioVersion = 10.0.40219.1
Project("{9A19103F-16F7-4668-BE54-9A1E7A4F7556}") = "EventHandlersWPF", "EventHandlersWPF.csproj", "{0D3564C5-3494-4F13-AD10-7BBC2CCC6912}"
EndProject
Global
	GlobalSection(SolutionConfigurationPlatforms) = preSolution
		Debug|Any CPU = Debug|Any CPU
		Release|Any CPU = Release|Any CPU
	EndGlobalSection
	GlobalSection(ProjectConfigurationPlatforms) = postSolution
		{0D3564C5-3494-4F13-AD10-7BBC2CCC6912}.Debug|Any CPU.ActiveCfg = Debug|Any CPU
		{0D3564C5-3494-4F13-AD10-7BBC2CCC6912}.Debug|Any CPU.Build.0 = Debug|Any CPU
		{0D3564C5-3494-4F13-AD10-7BBC2CCC6912}.Release|Any CPU.ActiveCfg = Release|Any CPU
		{0D3564C5-3494-4F13-AD10-7BBC2CCC6912}.Release|Any CPU.Build.0 = Release|Any CPU
	EndGlobalSection
	GlobalSection(SolutionProperties) = preSolution
		HideSolutionNode = FALSE
	EndGlobalSection
	GlobalSection(ExtensibilityGlobals) = postSolution
		SolutionGuid = {C9BC6452-121D-4EC8-BD75-6A270740793F}
	EndGlobalSection
EndGlobal
